
Microsoft Visual Studio Solution File, Format Version 12.00
# Visual Studio 14
VisualStudioVersion = 14.0.25420.1
MinimumVisualStudioVersion = 10.0.40219.1
Project("{FAE04EC0-301F-11D3-BF4B-00C04F79EFBC}") = "PDFConverter", "PDFConverter\PDFConverter.csproj", "{BC954A5A-AFE0-4233-862E-29FAA92AC1B0}"
EndProject
Project("{FAE04EC0-301F-11D3-BF4B-00C04F79EFBC}") = "JPGTOPDF", "JPGTOPDF\JPGTOPDF.csproj", "{DF32FFD5-F634-4FDC-91B7-A22AC99F15B4}"
EndProject
Project("{FAE04EC0-301F-11D3-BF4B-00C04F79EFBC}") = "DPGConverter", "DPGConverter\DPGConverter.csproj", "{C7ADC67F-0F89-4D69-8277-890F023DF62B}"
EndProject
Global
	GlobalSection(SolutionConfigurationPlatforms) = preSolution
		Debug|Any CPU = Debug|Any CPU
		Release|Any CPU = Release|Any CPU
	EndGlobalSection
	GlobalSection(ProjectConfigurationPlatforms) = postSolution
		{BC954A5A-AFE0-4233-862E-29FAA92AC1B0}.Debug|Any CPU.ActiveCfg = Debug|Any CPU
		{BC954A5A-AFE0-4233-862E-29FAA92AC1B0}.Debug|Any CPU.Build.0 = Debug|Any CPU
		{BC954A5A-AFE0-4233-862E-29FAA92AC1B0}.Release|Any CPU.ActiveCfg = Release|Any CPU
		{BC954A5A-AFE0-4233-862E-29FAA92AC1B0}.Release|Any CPU.Build.0 = Release|Any CPU
		{DF32FFD5-F634-4FDC-91B7-A22AC99F15B4}.Debug|Any CPU.ActiveCfg = Debug|Any CPU
		{DF32FFD5-F634-4FDC-91B7-A22AC99F15B4}.Debug|Any CPU.Build.0 = Debug|Any CPU
		{DF32FFD5-F634-4FDC-91B7-A22AC99F15B4}.Release|Any CPU.ActiveCfg = Release|Any CPU
		{DF32FFD5-F634-4FDC-91B7-A22AC99F15B4}.Release|Any CPU.Build.0 = Release|Any CPU
		{C7ADC67F-0F89-4D69-8277-890F023DF62B}.Debug|Any CPU.ActiveCfg = Debug|Any CPU
		{C7ADC67F-0F89-4D69-8277-890F023DF62B}.Debug|Any CPU.Build.0 = Debug|Any CPU
		{C7ADC67F-0F89-4D69-8277-890F023DF62B}.Release|Any CPU.ActiveCfg = Release|Any CPU
		{C7ADC67F-0F89-4D69-8277-890F023DF62B}.Release|Any CPU.Build.0 = Release|Any CPU
	EndGlobalSection
	GlobalSection(SolutionProperties) = preSolution
		HideSolutionNode = FALSE
	EndGlobalSection
EndGlobal
